
Microsoft Visual Studio Solution File, Format Version 12.00
# Visual Studio Version 17
VisualStudioVersion = 17.8.34330.188
MinimumVisualStudioVersion = 10.0.40219.1
Project("{FAE04EC0-301F-11D3-BF4B-00C04F79EFBC}") = "GA_BubbleSort", "GA_BubbleSort.csproj", "{EA7207B4-7852-44B8-9340-5C4A92EA5EEC}"
EndProject
Global
	GlobalSection(SolutionConfigurationPlatforms) = preSolution
		Debug|Any CPU = Debug|Any CPU
		Release|Any CPU = Release|Any CPU
	EndGlobalSection
	GlobalSection(ProjectConfigurationPlatforms) = postSolution
		{EA7207B4-7852-44B8-9340-5C4A92EA5EEC}.Debug|Any CPU.ActiveCfg = Debug|Any CPU
		{EA7207B4-7852-44B8-9340-5C4A92EA5EEC}.Debug|Any CPU.Build.0 = Debug|Any CPU
		{EA7207B4-7852-44B8-9340-5C4A92EA5EEC}.Release|Any CPU.ActiveCfg = Release|Any CPU
		{EA7207B4-7852-44B8-9340-5C4A92EA5EEC}.Release|Any CPU.Build.0 = Release|Any CPU
	EndGlobalSection
	GlobalSection(SolutionProperties) = preSolution
		HideSolutionNode = FALSE
	EndGlobalSection
	GlobalSection(ExtensibilityGlobals) = postSolution
		SolutionGuid = {BEB6252B-CA0F-4F80-8303-B0561E0AEBEA}
	EndGlobalSection
EndGlobal
